# This file was autogenerated by uv via the following command:
#    uv pip compile requirements.txt -o requirements.lock --python olconversion/bin/python
-e ./extern/commonroad-scenario-designer
    # via -r requirements.txt
antlr4-python3-runtime==4.9.3
    # via
    #   commonroad-scenario-designer
    #   omegaconf
certifi==2026.6.17
    # via
    #   pyproj
    #   requests
charset-normalizer==3.4.7
    # via requests
click==8.4.1
    # via
    #   mercantile
    #   typer
commonroad-clcs==2025.2.0
    # via commonroad-scenario-designer
commonroad-drivability-checker==2025.4.0
    # via commonroad-scenario-designer
commonroad-io==2024.3
    # via
    #   commonroad-clcs
    #   commonroad-drivability-checker
    #   commonroad-scenario-designer
    #   commonroad-sumo
commonroad-sumo==2025.1.4
    # via commonroad-scenario-designer
commonroad-vehicle-models==3.0.2
    # via
    #   commonroad-drivability-checker
    #   commonroad-io
contourpy==1.3.2
    # via matplotlib
cycler==0.12.1
    # via matplotlib
ffmpeg==1.4
    # via commonroad-sumo
fonttools==4.63.0
    # via matplotlib
idna==3.18
    # via requests
iso3166==2.1.1
    # via
    #   commonroad-io
    #   commonroad-scenario-designer
kdtree==0.16
    # via commonroad-scenario-designer
kiwisolver==1.5.0
    # via matplotlib
libsumo==1.27.0
    # via commonroad-sumo
lxml==6.1.1
    # via
    #   -r requirements.txt
    #   commonroad-io
    #   commonroad-scenario-designer
matplotlib==3.10.9
    # via
    #   commonroad-clcs
    #   commonroad-drivability-checker
    #   commonroad-io
    #   commonroad-scenario-designer
    #   commonroad-sumo
mercantile==1.2.1
    # via commonroad-scenario-designer
mgrs==1.5.4
    # via commonroad-scenario-designer
networkx==3.4.2
    # via
    #   commonroad-io
    #   commonroad-scenario-designer
numpy==2.2.6
    # via
    #   commonroad-clcs
    #   commonroad-drivability-checker
    #   commonroad-io
    #   commonroad-scenario-designer
    #   commonroad-sumo
    #   contourpy
    #   matplotlib
    #   osqp
    #   pandas
    #   qdldl
    #   scipy
    #   shapely
    #   similaritymeasures
omegaconf==2.3.1
    # via
    #   commonroad-clcs
    #   commonroad-io
    #   commonroad-scenario-designer
    #   commonroad-vehicle-models
ordered-set==4.1.0
    # via commonroad-scenario-designer
osqp==0.6.7.post3
    # via commonroad-clcs
packaging==26.2
    # via matplotlib
pandas==2.3.3
    # via commonroad-scenario-designer
pillow==12.2.0
    # via
    #   commonroad-io
    #   matplotlib
polygon3==3.0.9.1
    # via commonroad-drivability-checker
protobuf==3.20.2
    # via commonroad-io
pybind11==3.0.4
    # via pyclothoids
pyclothoids==0.1.5
    # via commonroad-scenario-designer
pygeodesy==23.12.29
    # via commonroad-scenario-designer
pymetis==2025.2.2
    # via commonroad-scenario-designer
pyparsing==3.3.2
    # via matplotlib
pyproj==3.7.1
    # via
    #   -r requirements.txt
    #   commonroad-scenario-designer
pyqt6==6.11.0
    # via commonroad-scenario-designer
pyqt6-qt6==6.11.1
    # via pyqt6
pyqt6-sip==13.11.1
    # via pyqt6
python-dateutil==2.9.0.post0
    # via
    #   matplotlib
    #   pandas
pytz==2026.2
    # via pandas
pyyaml==6.0.3
    # via
    #   -r requirements.txt
    #   commonroad-scenario-designer
    #   omegaconf
qdldl==0.1.9.post1
    # via osqp
requests==2.34.2
    # via commonroad-scenario-designer
rtree==1.4.1
    # via commonroad-io
scipy==1.15.3
    # via
    #   commonroad-clcs
    #   commonroad-drivability-checker
    #   commonroad-io
    #   commonroad-scenario-designer
    #   osqp
    #   qdldl
    #   similaritymeasures
shapely==2.1.2
    # via
    #   commonroad-clcs
    #   commonroad-drivability-checker
    #   commonroad-io
    #   commonroad-scenario-designer
    #   commonroad-sumo
similaritymeasures==1.4.0
    # via commonroad-scenario-designer
six==1.17.0
    # via python-dateutil
sumo-data==1.27.0
    # via libsumo
sumolib==1.27.0
    # via traci
tqdm==4.68.3
    # via commonroad-io
traci==1.27.0
    # via
    #   commonroad-sumo
    #   libsumo
typer==0.9.4
    # via commonroad-scenario-designer
typing-extensions==4.15.0
    # via
    #   commonroad-scenario-designer
    #   commonroad-sumo
    #   pymetis
    #   typer
tzdata==2026.2
    # via pandas
urllib3==2.7.0
    # via
    #   commonroad-scenario-designer
    #   requests
utm==0.7.0
    # via commonroad-scenario-designer
